
Microsoft Visual Studio Solution File, Format Version 12.00
Project("{FAE04EC0-301F-11D3-BF4B-00C04F79EFBC}") = "Inline Calculator", "Inline Calculator.csproj", "{D93902A9-4534-45D1-B4E7-B287FCD799AB}"
EndProject
Global
	GlobalSection(SolutionConfigurationPlatforms) = preSolution
		Debug|Any CPU = Debug|Any CPU
		Release|Any CPU = Release|Any CPU
	EndGlobalSection
	GlobalSection(ProjectConfigurationPlatforms) = postSolution
		{D93902A9-4534-45D1-B4E7-B287FCD799AB}.Debug|Any CPU.ActiveCfg = Debug|Any CPU
		{D93902A9-4534-45D1-B4E7-B287FCD799AB}.Debug|Any CPU.Build.0 = Debug|Any CPU
		{D93902A9-4534-45D1-B4E7-B287FCD799AB}.Release|Any CPU.ActiveCfg = Release|Any CPU
		{D93902A9-4534-45D1-B4E7-B287FCD799AB}.Release|Any CPU.Build.0 = Release|Any CPU
	EndGlobalSection
EndGlobal
